
Microsoft Visual Studio Solution File, Format Version 12.00
# Visual Studio Version 16
VisualStudioVersion = 16.0.30330.147
MinimumVisualStudioVersion = 15.0.26124.0
Project("{9A19103F-16F7-4668-BE54-9A1E7A4F7556}") = "Nephilim.Sandbox", "Nephilim.Sandbox\Nephilim.Sandbox.csproj", "{5B4E2A34-FCEF-4E2C-9FCC-0F5BF4EDA5FE}"
EndProject
Project("{9A19103F-16F7-4668-BE54-9A1E7A4F7556}") = "Nephilim.Engine", "Nephilim.Engine\Nephilim.Engine.csproj", "{C3FC6FED-8DE2-431E-AE93-BF9C39AB758C}"
EndProject
Project("{9A19103F-16F7-4668-BE54-9A1E7A4F7556}") = "Nephilim.Editor", "Nephilim.Editor\Nephilim.Editor.csproj", "{3BF591D6-EEEB-4A32-B350-69BC6C4A810E}"
EndProject
Project("{9A19103F-16F7-4668-BE54-9A1E7A4F7556}") = "Nephilim.BuildTool", "Nephilim.BuildTool\Nephilim.BuildTool.csproj", "{41C401BC-8435-48BD-AAB9-85B675012E04}"
EndProject
Project("{FAE04EC0-301F-11D3-BF4B-00C04F79EFBC}") = "Nephilim.Desktop", "Nephilim.Desktop\Nephilim.Desktop.csproj", "{CC357A71-18D9-434D-9C6A-9B95AB57470E}"
EndProject
Global
	GlobalSection(SolutionConfigurationPlatforms) = preSolution
		Debug|Any CPU = Debug|Any CPU
		Debug|x64 = Debug|x64
		Debug|x86 = Debug|x86
		Release|Any CPU = Release|Any CPU
		Release|x64 = Release|x64
		Release|x86 = Release|x86
	EndGlobalSection
	GlobalSection(ProjectConfigurationPlatforms) = postSolution
		{5B4E2A34-FCEF-4E2C-9FCC-0F5BF4EDA5FE}.Debug|Any CPU.ActiveCfg = Debug|Any CPU
		{5B4E2A34-FCEF-4E2C-9FCC-0F5BF4EDA5FE}.Debug|Any CPU.Build.0 = Debug|Any CPU
		{5B4E2A34-FCEF-4E2C-9FCC-0F5BF4EDA5FE}.Debug|x64.ActiveCfg = Debug|Any CPU
		{5B4E2A34-FCEF-4E2C-9FCC-0F5BF4EDA5FE}.Debug|x64.Build.0 = Debug|Any CPU
		{5B4E2A34-FCEF-4E2C-9FCC-0F5BF4EDA5FE}.Debug|x86.ActiveCfg = Debug|Any CPU
		{5B4E2A34-FCEF-4E2C-9FCC-0F5BF4EDA5FE}.Debug|x86.Build.0 = Debug|Any CPU
		{5B4E2A34-FCEF-4E2C-9FCC-0F5BF4EDA5FE}.Release|Any CPU.ActiveCfg = Release|Any CPU
		{5B4E2A34-FCEF-4E2C-9FCC-0F5BF4EDA5FE}.Release|Any CPU.Build.0 = Release|Any CPU
		{5B4E2A34-FCEF-4E2C-9FCC-0F5BF4EDA5FE}.Release|x64.ActiveCfg = Release|Any CPU
		{5B4E2A34-FCEF-4E2C-9FCC-0F5BF4EDA5FE}.Release|x64.Build.0 = Release|Any CPU
		{5B4E2A34-FCEF-4E2C-9FCC-0F5BF4EDA5FE}.Release|x86.ActiveCfg = Release|Any CPU
		{5B4E2A34-FCEF-4E2C-9FCC-0F5BF4EDA5FE}.Release|x86.Build.0 = Release|Any CPU
		{C3FC6FED-8DE2-431E-AE93-BF9C39AB758C}.Debug|Any CPU.ActiveCfg = Debug|Any CPU
		{C3FC6FED-8DE2-431E-AE93-BF9C39AB758C}.Debug|Any CPU.Build.0 = Debug|Any CPU
		{C3FC6FED-8DE2-431E-AE93-BF9C39AB758C}.Debug|x64.ActiveCfg = Debug|Any CPU
		{C3FC6FED-8DE2-431E-AE93-BF9C39AB758C}.Debug|x64.Build.0 = Debug|Any CPU
		{C3FC6FED-8DE2-431E-AE93-BF9C39AB758C}.Debug|x86.ActiveCfg = Debug|Any CPU
		{C3FC6FED-8DE2-431E-AE93-BF9C39AB758C}.Debug|x86.Build.0 = Debug|Any CPU
		{C3FC6FED-8DE2-431E-AE93-BF9C39AB758C}.Release|Any CPU.ActiveCfg = Release|Any CPU
		{C3FC6FED-8DE2-431E-AE93-BF9C39AB758C}.Release|Any CPU.Build.0 = Release|Any CPU
		{C3FC6FED-8DE2-431E-AE93-BF9C39AB758C}.Release|x64.ActiveCfg = Release|Any CPU
		{C3FC6FED-8DE2-431E-AE93-BF9C39AB758C}.Release|x64.Build.0 = Release|Any CPU
		{C3FC6FED-8DE2-431E-AE93-BF9C39AB758C}.Release|x86.ActiveCfg = Release|Any CPU
		{C3FC6FED-8DE2-431E-AE93-BF9C39AB758C}.Release|x86.Build.0 = Release|Any CPU
		{3BF591D6-EEEB-4A32-B350-69BC6C4A810E}.Debug|Any CPU.ActiveCfg = Debug|Any CPU
		{3BF591D6-EEEB-4A32-B350-69BC6C4A810E}.Debug|Any CPU.Build.0 = Debug|Any CPU
		{3BF591D6-EEEB-4A32-B350-69BC6C4A810E}.Debug|x64.ActiveCfg = Debug|Any CPU
		{3BF591D6-EEEB-4A32-B350-69BC6C4A810E}.Debug|x64.Build.0 = Debug|Any CPU
		{3BF591D6-EEEB-4A32-B350-69BC6C4A810E}.Debug|x86.ActiveCfg = Debug|Any CPU
		{3BF591D6-EEEB-4A32-B350-69BC6C4A810E}.Debug|x86.Build.0 = Debug|Any CPU
		{3BF591D6-EEEB-4A32-B350-69BC6C4A810E}.Release|Any CPU.ActiveCfg = Release|Any CPU
		{3BF591D6-EEEB-4A32-B350-69BC6C4A810E}.Release|Any CPU.Build.0 = Release|Any CPU
		{3BF591D6-EEEB-4A32-B350-69BC6C4A810E}.Release|x64.ActiveCfg = Release|Any CPU
		{3BF591D6-EEEB-4A32-B350-69BC6C4A810E}.Release|x64.Build.0 = Release|Any CPU
		{3BF591D6-EEEB-4A32-B350-69BC6C4A810E}.Release|x86.ActiveCfg = Release|Any CPU
		{3BF591D6-EEEB-4A32-B350-69BC6C4A810E}.Release|x86.Build.0 = Release|Any CPU
		{41C401BC-8435-48BD-AAB9-85B675012E04}.Debug|Any CPU.ActiveCfg = Debug|Any CPU
		{41C401BC-8435-48BD-AAB9-85B675012E04}.Debug|Any CPU.Build.0 = Debug|Any CPU
		{41C401BC-8435-48BD-AAB9-85B675012E04}.Debug|x64.ActiveCfg = Debug|Any CPU
		{41C401BC-8435-48BD-AAB9-85B675012E04}.Debug|x64.Build.0 = Debug|Any CPU
		{41C401BC-8435-48BD-AAB9-85B675012E04}.Debug|x86.ActiveCfg = Debug|Any CPU
		{41C401BC-8435-48BD-AAB9-85B675012E04}.Debug|x86.Build.0 = Debug|Any CPU
		{41C401BC-8435-48BD-AAB9-85B675012E04}.Release|Any CPU.ActiveCfg = Release|Any CPU
		{41C401BC-8435-48BD-AAB9-85B675012E04}.Release|Any CPU.Build.0 = Release|Any CPU
		{41C401BC-8435-48BD-AAB9-85B675012E04}.Release|x64.ActiveCfg = Release|Any CPU
		{41C401BC-8435-48BD-AAB9-85B675012E04}.Release|x64.Build.0 = Release|Any CPU
		{41C401BC-8435-48BD-AAB9-85B675012E04}.Release|x86.ActiveCfg = Release|Any CPU
		{41C401BC-8435-48BD-AAB9-85B675012E04}.Release|x86.Build.0 = Release|Any CPU
		{CC357A71-18D9-434D-9C6A-9B95AB57470E}.Debug|Any CPU.ActiveCfg = Debug|Any CPU
		{CC357A71-18D9-434D-9C6A-9B95AB57470E}.Debug|Any CPU.Build.0 = Debug|Any CPU
		{CC357A71-18D9-434D-9C6A-9B95AB57470E}.Debug|x64.ActiveCfg = Debug|Any CPU
		{CC357A71-18D9-434D-9C6A-9B95AB57470E}.Debug|x64.Build.0 = Debug|Any CPU
		{CC357A71-18D9-434D-9C6A-9B95AB57470E}.Debug|x86.ActiveCfg = Debug|Any CPU
		{CC357A71-18D9-434D-9C6A-9B95AB57470E}.Debug|x86.Build.0 = Debug|Any CPU
		{CC357A71-18D9-434D-9C6A-9B95AB57470E}.Release|Any CPU.ActiveCfg = Release|Any CPU
		{CC357A71-18D9-434D-9C6A-9B95AB57470E}.Release|Any CPU.Build.0 = Release|Any CPU
		{CC357A71-18D9-434D-9C6A-9B95AB57470E}.Release|x64.ActiveCfg = Release|Any CPU
		{CC357A71-18D9-434D-9C6A-9B95AB57470E}.Release|x64.Build.0 = Release|Any CPU
		{CC357A71-18D9-434D-9C6A-9B95AB57470E}.Release|x86.ActiveCfg = Release|Any CPU
		{CC357A71-18D9-434D-9C6A-9B95AB57470E}.Release|x86.Build.0 = Release|Any CPU
	EndGlobalSection
	GlobalSection(SolutionProperties) = preSolution
		HideSolutionNode = FALSE
	EndGlobalSection
	GlobalSection(ExtensibilityGlobals) = postSolution
		SolutionGuid = {0B4C6E05-24A0-4B82-8C33-C6B62501F098}
	EndGlobalSection
EndGlobal
